
Microsoft Visual Studio Solution File, Format Version 12.00
# Visual Studio 2013
VisualStudioVersion = 12.0.40629.0
MinimumVisualStudioVersion = 10.0.40219.1
Project("{FAE04EC0-301F-11D3-BF4B-00C04F79EFBC}") = "AmazonCrawler", "AmazonCrawler\AmazonCrawler.csproj", "{1232A1D7-0894-4F40-94A5-6647A52C66B9}"
EndProject
Project("{FAE04EC0-301F-11D3-BF4B-00C04F79EFBC}") = "NCrawler", "NCrawler\NCrawler.csproj", "{5E4DF149-F650-4152-8410-586FB9CCF644}"
EndProject
Project("{FAE04EC0-301F-11D3-BF4B-00C04F79EFBC}") = "NCrawler.HtmlProcessor", "NCrawler.HtmlProcessor\NCrawler.HtmlProcessor.csproj", "{A8ADB9E8-359E-4CFB-97D7-59E1E705DE04}"
EndProject
Project("{FAE04EC0-301F-11D3-BF4B-00C04F79EFBC}") = "NCrawler.IsolatedStorageServices", "NCrawler.IsolatedStorageServices\NCrawler.IsolatedStorageServices.csproj", "{791A3998-A352-4DE8-88C7-6EE5C6FF1668}"
EndProject
Project("{FAE04EC0-301F-11D3-BF4B-00C04F79EFBC}") = "VerticalButton", "VerticalButton\VerticalButton.csproj", "{690EA955-3D48-4A8B-B9BA-6B619865B711}"
EndProject
Project("{2150E333-8FDC-42A3-9474-1A3956D46DE8}") = "Solution Items", "Solution Items", "{DF9390B3-2978-4342-9A19-D6430F61B6D9}"
EndProject
Project("{FAE04EC0-301F-11D3-BF4B-00C04F79EFBC}") = "Amazon.PAAPI.WCF", "Amazon.PAAPI.WCF\Amazon.PAAPI.WCF.csproj", "{D38B4A40-D315-4158-9BD1-34C1697668BB}"
EndProject
Project("{FAE04EC0-301F-11D3-BF4B-00C04F79EFBC}") = "AmazonSOAP", "AmazonSOAP\AmazonSOAP.csproj", "{986D8407-0E81-4992-8387-7EE9DCEC5CFF}"
EndProject
Global
	GlobalSection(SolutionConfigurationPlatforms) = preSolution
		Debug|Any CPU = Debug|Any CPU
		Debug|Mixed Platforms = Debug|Mixed Platforms
		Debug|x86 = Debug|x86
		Release|Any CPU = Release|Any CPU
		Release|Mixed Platforms = Release|Mixed Platforms
		Release|x86 = Release|x86
	EndGlobalSection
	GlobalSection(ProjectConfigurationPlatforms) = postSolution
		{1232A1D7-0894-4F40-94A5-6647A52C66B9}.Debug|Any CPU.ActiveCfg = Debug|Any CPU
		{1232A1D7-0894-4F40-94A5-6647A52C66B9}.Debug|Any CPU.Build.0 = Debug|Any CPU
		{1232A1D7-0894-4F40-94A5-6647A52C66B9}.Debug|Mixed Platforms.ActiveCfg = Debug|x86
		{1232A1D7-0894-4F40-94A5-6647A52C66B9}.Debug|Mixed Platforms.Build.0 = Debug|x86
		{1232A1D7-0894-4F40-94A5-6647A52C66B9}.Debug|x86.ActiveCfg = Debug|x86
		{1232A1D7-0894-4F40-94A5-6647A52C66B9}.Debug|x86.Build.0 = Debug|x86
		{1232A1D7-0894-4F40-94A5-6647A52C66B9}.Release|Any CPU.ActiveCfg = Release|x86
		{1232A1D7-0894-4F40-94A5-6647A52C66B9}.Release|Mixed Platforms.ActiveCfg = Release|x86
		{1232A1D7-0894-4F40-94A5-6647A52C66B9}.Release|Mixed Platforms.Build.0 = Release|x86
		{1232A1D7-0894-4F40-94A5-6647A52C66B9}.Release|x86.ActiveCfg = Release|x86
		{1232A1D7-0894-4F40-94A5-6647A52C66B9}.Release|x86.Build.0 = Release|x86
		{5E4DF149-F650-4152-8410-586FB9CCF644}.Debug|Any CPU.ActiveCfg = Debug|Any CPU
		{5E4DF149-F650-4152-8410-586FB9CCF644}.Debug|Any CPU.Build.0 = Debug|Any CPU
		{5E4DF149-F650-4152-8410-586FB9CCF644}.Debug|Mixed Platforms.ActiveCfg = Debug|Any CPU
		{5E4DF149-F650-4152-8410-586FB9CCF644}.Debug|Mixed Platforms.Build.0 = Debug|Any CPU
		{5E4DF149-F650-4152-8410-586FB9CCF644}.Debug|x86.ActiveCfg = Debug|Any CPU
		{5E4DF149-F650-4152-8410-586FB9CCF644}.Release|Any CPU.ActiveCfg = Release|Any CPU
		{5E4DF149-F650-4152-8410-586FB9CCF644}.Release|Any CPU.Build.0 = Release|Any CPU
		{5E4DF149-F650-4152-8410-586FB9CCF644}.Release|Mixed Platforms.ActiveCfg = Release|Any CPU
		{5E4DF149-F650-4152-8410-586FB9CCF644}.Release|Mixed Platforms.Build.0 = Release|Any CPU
		{5E4DF149-F650-4152-8410-586FB9CCF644}.Release|x86.ActiveCfg = Release|Any CPU
		{A8ADB9E8-359E-4CFB-97D7-59E1E705DE04}.Debug|Any CPU.ActiveCfg = Debug|Any CPU
		{A8ADB9E8-359E-4CFB-97D7-59E1E705DE04}.Debug|Any CPU.Build.0 = Debug|Any CPU
		{A8ADB9E8-359E-4CFB-97D7-59E1E705DE04}.Debug|Mixed Platforms.ActiveCfg = Debug|Any CPU
		{A8ADB9E8-359E-4CFB-97D7-59E1E705DE04}.Debug|Mixed Platforms.Build.0 = Debug|Any CPU
		{A8ADB9E8-359E-4CFB-97D7-59E1E705DE04}.Debug|x86.ActiveCfg = Debug|Any CPU
		{A8ADB9E8-359E-4CFB-97D7-59E1E705DE04}.Release|Any CPU.ActiveCfg = Release|Any CPU
		{A8ADB9E8-359E-4CFB-97D7-59E1E705DE04}.Release|Any CPU.Build.0 = Release|Any CPU
		{A8ADB9E8-359E-4CFB-97D7-59E1E705DE04}.Release|Mixed Platforms.ActiveCfg = Release|Any CPU
		{A8ADB9E8-359E-4CFB-97D7-59E1E705DE04}.Release|Mixed Platforms.Build.0 = Release|Any CPU
		{A8ADB9E8-359E-4CFB-97D7-59E1E705DE04}.Release|x86.ActiveCfg = Release|Any CPU
		{791A3998-A352-4DE8-88C7-6EE5C6FF1668}.Debug|Any CPU.ActiveCfg = Debug|Any CPU
		{791A3998-A352-4DE8-88C7-6EE5C6FF1668}.Debug|Any CPU.Build.0 = Debug|Any CPU
		{791A3998-A352-4DE8-88C7-6EE5C6FF1668}.Debug|Mixed Platforms.ActiveCfg = Debug|Any CPU
		{791A3998-A352-4DE8-88C7-6EE5C6FF1668}.Debug|Mixed Platforms.Build.0 = Debug|Any CPU
		{791A3998-A352-4DE8-88C7-6EE5C6FF1668}.Debug|x86.ActiveCfg = Debug|Any CPU
		{791A3998-A352-4DE8-88C7-6EE5C6FF1668}.Release|Any CPU.ActiveCfg = Release|Any CPU
		{791A3998-A352-4DE8-88C7-6EE5C6FF1668}.Release|Any CPU.Build.0 = Release|Any CPU
		{791A3998-A352-4DE8-88C7-6EE5C6FF1668}.Release|Mixed Platforms.ActiveCfg = Release|Any CPU
		{791A3998-A352-4DE8-88C7-6EE5C6FF1668}.Release|Mixed Platforms.Build.0 = Release|Any CPU
		{791A3998-A352-4DE8-88C7-6EE5C6FF1668}.Release|x86.ActiveCfg = Release|Any CPU
		{690EA955-3D48-4A8B-B9BA-6B619865B711}.Debug|Any CPU.ActiveCfg = Debug|Any CPU
		{690EA955-3D48-4A8B-B9BA-6B619865B711}.Debug|Any CPU.Build.0 = Debug|Any CPU
		{690EA955-3D48-4A8B-B9BA-6B619865B711}.Debug|Mixed Platforms.ActiveCfg = Debug|Any CPU
		{690EA955-3D48-4A8B-B9BA-6B619865B711}.Debug|Mixed Platforms.Build.0 = Debug|Any CPU
		{690EA955-3D48-4A8B-B9BA-6B619865B711}.Debug|x86.ActiveCfg = Debug|Any CPU
		{690EA955-3D48-4A8B-B9BA-6B619865B711}.Release|Any CPU.ActiveCfg = Release|Any CPU
		{690EA955-3D48-4A8B-B9BA-6B619865B711}.Release|Any CPU.Build.0 = Release|Any CPU
		{690EA955-3D48-4A8B-B9BA-6B619865B711}.Release|Mixed Platforms.ActiveCfg = Release|Any CPU
		{690EA955-3D48-4A8B-B9BA-6B619865B711}.Release|Mixed Platforms.Build.0 = Release|Any CPU
		{690EA955-3D48-4A8B-B9BA-6B619865B711}.Release|x86.ActiveCfg = Release|Any CPU
		{D38B4A40-D315-4158-9BD1-34C1697668BB}.Debug|Any CPU.ActiveCfg = Debug|Any CPU
		{D38B4A40-D315-4158-9BD1-34C1697668BB}.Debug|Any CPU.Build.0 = Debug|Any CPU
		{D38B4A40-D315-4158-9BD1-34C1697668BB}.Debug|Mixed Platforms.ActiveCfg = Debug|Any CPU
		{D38B4A40-D315-4158-9BD1-34C1697668BB}.Debug|Mixed Platforms.Build.0 = Debug|Any CPU
		{D38B4A40-D315-4158-9BD1-34C1697668BB}.Debug|x86.ActiveCfg = Debug|Any CPU
		{D38B4A40-D315-4158-9BD1-34C1697668BB}.Release|Any CPU.ActiveCfg = Release|Any CPU
		{D38B4A40-D315-4158-9BD1-34C1697668BB}.Release|Any CPU.Build.0 = Release|Any CPU
		{D38B4A40-D315-4158-9BD1-34C1697668BB}.Release|Mixed Platforms.ActiveCfg = Release|Any CPU
		{D38B4A40-D315-4158-9BD1-34C1697668BB}.Release|Mixed Platforms.Build.0 = Release|Any CPU
		{D38B4A40-D315-4158-9BD1-34C1697668BB}.Release|x86.ActiveCfg = Release|Any CPU
		{986D8407-0E81-4992-8387-7EE9DCEC5CFF}.Debug|Any CPU.ActiveCfg = Debug|Any CPU
		{986D8407-0E81-4992-8387-7EE9DCEC5CFF}.Debug|Any CPU.Build.0 = Debug|Any CPU
		{986D8407-0E81-4992-8387-7EE9DCEC5CFF}.Debug|Mixed Platforms.ActiveCfg = Debug|x86
		{986D8407-0E81-4992-8387-7EE9DCEC5CFF}.Debug|Mixed Platforms.Build.0 = Debug|x86
		{986D8407-0E81-4992-8387-7EE9DCEC5CFF}.Debug|x86.ActiveCfg = Debug|x86
		{986D8407-0E81-4992-8387-7EE9DCEC5CFF}.Debug|x86.Build.0 = Debug|x86
		{986D8407-0E81-4992-8387-7EE9DCEC5CFF}.Release|Any CPU.ActiveCfg = Release|Any CPU
		{986D8407-0E81-4992-8387-7EE9DCEC5CFF}.Release|Any CPU.Build.0 = Release|Any CPU
		{986D8407-0E81-4992-8387-7EE9DCEC5CFF}.Release|Mixed Platforms.ActiveCfg = Release|x86
		{986D8407-0E81-4992-8387-7EE9DCEC5CFF}.Release|Mixed Platforms.Build.0 = Release|x86
		{986D8407-0E81-4992-8387-7EE9DCEC5CFF}.Release|x86.ActiveCfg = Release|x86
		{986D8407-0E81-4992-8387-7EE9DCEC5CFF}.Release|x86.Build.0 = Release|x86
	EndGlobalSection
	GlobalSection(SolutionProperties) = preSolution
		HideSolutionNode = FALSE
	EndGlobalSection
EndGlobal
